
Microsoft Visual Studio Solution File, Format Version 12.00
# Visual Studio Version 16
VisualStudioVersion = 16.0.30128.74
MinimumVisualStudioVersion = 10.0.40219.1
Project("{FAE04EC0-301F-11D3-BF4B-00C04F79EFBC}") = "SecureRandom.NetCore", "SecureRandom.NetCore\SecureRandom.NetCore.csproj", "{850CF110-40F6-4E82-8BE8-E97BA1DC0FF4}"
EndProject
Project("{FAE04EC0-301F-11D3-BF4B-00C04F79EFBC}") = "SecureRandom.NetCore.Examples", "SecureRandom.NetCore.Examples\SecureRandom.NetCore.Examples.csproj", "{BB19B175-7CF3-4657-9482-C8B29A8975F5}"
EndProject
Global
	GlobalSection(SolutionConfigurationPlatforms) = preSolution
		Debug|Any CPU = Debug|Any CPU
		Release|Any CPU = Release|Any CPU
	EndGlobalSection
	GlobalSection(ProjectConfigurationPlatforms) = postSolution
		{850CF110-40F6-4E82-8BE8-E97BA1DC0FF4}.Debug|Any CPU.ActiveCfg = Debug|Any CPU
		{850CF110-40F6-4E82-8BE8-E97BA1DC0FF4}.Debug|Any CPU.Build.0 = Debug|Any CPU
		{850CF110-40F6-4E82-8BE8-E97BA1DC0FF4}.Release|Any CPU.ActiveCfg = Release|Any CPU
		{850CF110-40F6-4E82-8BE8-E97BA1DC0FF4}.Release|Any CPU.Build.0 = Release|Any CPU
		{BB19B175-7CF3-4657-9482-C8B29A8975F5}.Debug|Any CPU.ActiveCfg = Debug|Any CPU
		{BB19B175-7CF3-4657-9482-C8B29A8975F5}.Debug|Any CPU.Build.0 = Debug|Any CPU
		{BB19B175-7CF3-4657-9482-C8B29A8975F5}.Release|Any CPU.ActiveCfg = Release|Any CPU
		{BB19B175-7CF3-4657-9482-C8B29A8975F5}.Release|Any CPU.Build.0 = Release|Any CPU
	EndGlobalSection
	GlobalSection(SolutionProperties) = preSolution
		HideSolutionNode = FALSE
	EndGlobalSection
	GlobalSection(ExtensibilityGlobals) = postSolution
		SolutionGuid = {E597D3D7-D490-4166-8334-FE9AEDE104C0}
	EndGlobalSection
EndGlobal
